// !$*UTF8*$!
{
	archiveVersion = 1;
	classes = {
	};
	objectVersion = 50;
	objects = {

/* Begin PBXBuildFile section */
		C952955324B52555001BE1E9 /* UIViewExtensions.swift in Sources */ = {isa = PBXBuildFile; fileRef = C952955224B52555001BE1E9 /* UIViewExtensions.swift */; };
		C952955724B552BA001BE1E9 /* Lato-Bold.ttf in Resources */ = {isa = PBXBuildFile; fileRef = C96C7C0E24B3CCBC00DFA971 /* Lato-Bold.ttf */; };
		C952955824B552BD001BE1E9 /* Lato-Light.ttf in Resources */ = {isa = PBXBuildFile; fileRef = C96C7C0F24B3CCBC00DFA971 /* Lato-Light.ttf */; };
		C952955924B552C0001BE1E9 /* Lato-Regular.ttf in Resources */ = {isa = PBXBuildFile; fileRef = C96C7C0D24B3CCBC00DFA971 /* Lato-Regular.ttf */; };
		C96C7BF524B3C50900DFA971 /* AppDelegate.swift in Sources */ = {isa = PBXBuildFile; fileRef = C96C7BF424B3C50900DFA971 /* AppDelegate.swift */; };
		C96C7BF724B3C50900DFA971 /* SceneDelegate.swift in Sources */ = {isa = PBXBuildFile; fileRef = C96C7BF624B3C50900DFA971 /* SceneDelegate.swift */; };
		C96C7BFE24B3C50D00DFA971 /* Assets.xcassets in Resources */ = {isa = PBXBuildFile; fileRef = C96C7BFD24B3C50D00DFA971 /* Assets.xcassets */; };
		C96C7C0124B3C50D00DFA971 /* LaunchScreen.storyboard in Resources */ = {isa = PBXBuildFile; fileRef = C96C7BFF24B3C50D00DFA971 /* LaunchScreen.storyboard */; };
		C96C7C1224B3CD7C00DFA971 /* StyleGuide.swift in Sources */ = {isa = PBXBuildFile; fileRef = C96C7C1124B3CD7C00DFA971 /* StyleGuide.swift */; };
		C96C7C1424B3CEC800DFA971 /* Colors.xcassets in Resources */ = {isa = PBXBuildFile; fileRef = C96C7C1324B3CEC800DFA971 /* Colors.xcassets */; };
		C96C7C1A24B3D25200DFA971 /* TipButton.swift in Sources */ = {isa = PBXBuildFile; fileRef = C96C7C1924B3D25200DFA971 /* TipButton.swift */; };
		C96C7C1C24B3D42A00DFA971 /* TipLabel.swift in Sources */ = {isa = PBXBuildFile; fileRef = C96C7C1B24B3D42A00DFA971 /* TipLabel.swift */; };
		C96C7C1E24B3D56B00DFA971 /* TipTextField.swift in Sources */ = {isa = PBXBuildFile; fileRef = C96C7C1D24B3D56B00DFA971 /* TipTextField.swift */; };
		C96C7C2024B3D77F00DFA971 /* TipViewController.swift in Sources */ = {isa = PBXBuildFile; fileRef = C96C7C1F24B3D77F00DFA971 /* TipViewController.swift */; };
		C96C7C2424B3E5A500DFA971 /* DoubleExtension.swift in Sources */ = {isa = PBXBuildFile; fileRef = C96C7C2324B3E5A500DFA971 /* DoubleExtension.swift */; };
/* End PBXBuildFile section */

/* Begin PBXFileReference section */
		C952955224B52555001BE1E9 /* UIViewExtensions.swift */ = {isa = PBXFileReference; lastKnownFileType = sourcecode.swift; path = UIViewExtensions.swift; sourceTree = "<group>"; };
		C96C7BF124B3C50900DFA971 /* calculator.app */ = {isa = PBXFileReference; explicitFileType = wrapper.application; includeInIndex = 0; path = calculator.app; sourceTree = BUILT_PRODUCTS_DIR; };
		C96C7BF424B3C50900DFA971 /* AppDelegate.swift */ = {isa = PBXFileReference; lastKnownFileType = sourcecode.swift; path = AppDelegate.swift; sourceTree = "<group>"; };
		C96C7BF624B3C50900DFA971 /* SceneDelegate.swift */ = {isa = PBXFileReference; lastKnownFileType = sourcecode.swift; path = SceneDelegate.swift; sourceTree = "<group>"; };
		C96C7BFD24B3C50D00DFA971 /* Assets.xcassets */ = {isa = PBXFileReference; lastKnownFileType = folder.assetcatalog; path = Assets.xcassets; sourceTree = "<group>"; };
		C96C7C0024B3C50D00DFA971 /* Base */ = {isa = PBXFileReference; lastKnownFileType = file.storyboard; name = Base; path = Base.lproj/LaunchScreen.storyboard; sourceTree = "<group>"; };
		C96C7C0224B3C50D00DFA971 /* Info.plist */ = {isa = PBXFileReference; lastKnownFileType = text.plist.xml; path = Info.plist; sourceTree = "<group>"; };
		C96C7C0D24B3CCBC00DFA971 /* Lato-Regular.ttf */ = {isa = PBXFileReference; lastKnownFileType = file; path = "Lato-Regular.ttf"; sourceTree = "<group>"; };
		C96C7C0E24B3CCBC00DFA971 /* Lato-Bold.ttf */ = {isa = PBXFileReference; lastKnownFileType = file; path = "Lato-Bold.ttf"; sourceTree = "<group>"; };
		C96C7C0F24B3CCBC00DFA971 /* Lato-Light.ttf */ = {isa = PBXFileReference; lastKnownFileType = file; path = "Lato-Light.ttf"; sourceTree = "<group>"; };
		C96C7C1124B3CD7C00DFA971 /* StyleGuide.swift */ = {isa = PBXFileReference; lastKnownFileType = sourcecode.swift; path = StyleGuide.swift; sourceTree = "<group>"; };
		C96C7C1324B3CEC800DFA971 /* Colors.xcassets */ = {isa = PBXFileReference; lastKnownFileType = folder.assetcatalog; path = Colors.xcassets; sourceTree = "<group>"; };
		C96C7C1924B3D25200DFA971 /* TipButton.swift */ = {isa = PBXFileReference; lastKnownFileType = sourcecode.swift; path = TipButton.swift; sourceTree = "<group>"; };
		C96C7C1B24B3D42A00DFA971 /* TipLabel.swift */ = {isa = PBXFileReference; lastKnownFileType = sourcecode.swift; path = TipLabel.swift; sourceTree = "<group>"; };
		C96C7C1D24B3D56B00DFA971 /* TipTextField.swift */ = {isa = PBXFileReference; lastKnownFileType = sourcecode.swift; path = TipTextField.swift; sourceTree = "<group>"; };
		C96C7C1F24B3D77F00DFA971 /* TipViewController.swift */ = {isa = PBXFileReference; lastKnownFileType = sourcecode.swift; path = TipViewController.swift; sourceTree = "<group>"; };
		C96C7C2324B3E5A500DFA971 /* DoubleExtension.swift */ = {isa = PBXFileReference; lastKnownFileType = sourcecode.swift; path = DoubleExtension.swift; sourceTree = "<group>"; };
/* End PBXFileReference section */

/* Begin PBXFrameworksBuildPhase section */
		C96C7BEE24B3C50900DFA971 /* Frameworks */ = {
			isa = PBXFrameworksBuildPhase;
			buildActionMask = 2147483647;
			files = (
			);
			runOnlyForDeploymentPostprocessing = 0;
		};
/* End PBXFrameworksBuildPhase section */

/* Begin PBXGroup section */
		C96C7BE824B3C50900DFA971 = {
			isa = PBXGroup;
			children = (
				C96C7BF324B3C50900DFA971 /* calculator */,
				C96C7BF224B3C50900DFA971 /* Products */,
			);
			sourceTree = "<group>";
		};
		C96C7BF224B3C50900DFA971 /* Products */ = {
			isa = PBXGroup;
			children = (
				C96C7BF124B3C50900DFA971 /* calculator.app */,
			);
			name = Products;
			sourceTree = "<group>";
		};
		C96C7BF324B3C50900DFA971 /* calculator */ = {
			isa = PBXGroup;
			children = (
				C96C7C1024B3CD6300DFA971 /* Helpers & Extensions */,
				C96C7C0A24B3C5CD00DFA971 /* Controllers */,
				C96C7C0924B3C5C700DFA971 /* Views */,
				C96C7C0824B3C56800DFA971 /* Resources  */,
			);
			path = calculator;
			sourceTree = "<group>";
		};
		C96C7C0824B3C56800DFA971 /* Resources  */ = {
			isa = PBXGroup;
			children = (
				C96C7C0C24B3CC6B00DFA971 /* Fonts */,
				C96C7BF424B3C50900DFA971 /* AppDelegate.swift */,
				C96C7C0224B3C50D00DFA971 /* Info.plist */,
				C96C7BFD24B3C50D00DFA971 /* Assets.xcassets */,
				C96C7BFF24B3C50D00DFA971 /* LaunchScreen.storyboard */,
				C96C7BF624B3C50900DFA971 /* SceneDelegate.swift */,
				C96C7C1324B3CEC800DFA971 /* Colors.xcassets */,
			);
			path = "Resources ";
			sourceTree = "<group>";
		};
		C96C7C0924B3C5C700DFA971 /* Views */ = {
			isa = PBXGroup;
			children = (
				C96C7C1524B3D1FF00DFA971 /* Custom UI */,
			);
			path = Views;
			sourceTree = "<group>";
		};
		C96C7C0A24B3C5CD00DFA971 /* Controllers */ = {
			isa = PBXGroup;
			children = (
				C96C7C1F24B3D77F00DFA971 /* TipViewController.swift */,
			);
			path = Controllers;
			sourceTree = "<group>";
		};
		C96C7C0C24B3CC6B00DFA971 /* Fonts */ = {
			isa = PBXGroup;
			children = (
				C96C7C0E24B3CCBC00DFA971 /* Lato-Bold.ttf */,
				C96C7C0F24B3CCBC00DFA971 /* Lato-Light.ttf */,
				C96C7C0D24B3CCBC00DFA971 /* Lato-Regular.ttf */,
			);
			path = Fonts;
			sourceTree = "<group>";
		};
		C96C7C1024B3CD6300DFA971 /* Helpers & Extensions */ = {
			isa = PBXGroup;
			children = (
				C96C7C1124B3CD7C00DFA971 /* StyleGuide.swift */,
				C96C7C2324B3E5A500DFA971 /* DoubleExtension.swift */,
				C952955224B52555001BE1E9 /* UIViewExtensions.swift */,
			);
			path = "Helpers & Extensions";
			sourceTree = "<group>";
		};
		C96C7C1524B3D1FF00DFA971 /* Custom UI */ = {
			isa = PBXGroup;
			children = (
				C96C7C1824B3D23200DFA971 /* Custom Labels */,
				C96C7C1724B3D22600DFA971 /* Custom Buttons */,
				C96C7C1624B3D21A00DFA971 /* Custom TextFields */,
			);
			path = "Custom UI";
			sourceTree = "<group>";
		};
		C96C7C1624B3D21A00DFA971 /* Custom TextFields */ = {
			isa = PBXGroup;
			children = (
				C96C7C1D24B3D56B00DFA971 /* TipTextField.swift */,
			);
			path = "Custom TextFields";
			sourceTree = "<group>";
		};
		C96C7C1724B3D22600DFA971 /* Custom Buttons */ = {
			isa = PBXGroup;
			children = (
				C96C7C1924B3D25200DFA971 /* TipButton.swift */,
			);
			path = "Custom Buttons";
			sourceTree = "<group>";
		};
		C96C7C1824B3D23200DFA971 /* Custom Labels */ = {
			isa = PBXGroup;
			children = (
				C96C7C1B24B3D42A00DFA971 /* TipLabel.swift */,
			);
			path = "Custom Labels";
			sourceTree = "<group>";
		};
/* End PBXGroup section */

/* Begin PBXNativeTarget section */
		C96C7BF024B3C50900DFA971 /* calculator */ = {
			isa = PBXNativeTarget;
			buildConfigurationList = C96C7C0524B3C50D00DFA971 /* Build configuration list for PBXNativeTarget "calculator" */;
			buildPhases = (
				C96C7BED24B3C50900DFA971 /* Sources */,
				C96C7BEE24B3C50900DFA971 /* Frameworks */,
				C96C7BEF24B3C50900DFA971 /* Resources */,
			);
			buildRules = (
			);
			dependencies = (
			);
			name = calculator;
			productName = calculator;
			productReference = C96C7BF124B3C50900DFA971 /* calculator.app */;
			productType = "com.apple.product-type.application";
		};
/* End PBXNativeTarget section */

/* Begin PBXProject section */
		C96C7BE924B3C50900DFA971 /* Project object */ = {
			isa = PBXProject;
			attributes = {
				LastSwiftUpdateCheck = 1150;
				LastUpgradeCheck = 1150;
				ORGANIZATIONNAME = "Kristin Samuels ";
				TargetAttributes = {
					C96C7BF024B3C50900DFA971 = {
						CreatedOnToolsVersion = 11.5;
					};
				};
			};
			buildConfigurationList = C96C7BEC24B3C50900DFA971 /* Build configuration list for PBXProject "calculator" */;
			compatibilityVersion = "Xcode 9.3";
			developmentRegion = en;
			hasScannedForEncodings = 0;
			knownRegions = (
				en,
				Base,
			);
			mainGroup = C96C7BE824B3C50900DFA971;
			productRefGroup = C96C7BF224B3C50900DFA971 /* Products */;
			projectDirPath = "";
			projectRoot = "";
			targets = (
				C96C7BF024B3C50900DFA971 /* calculator */,
			);
		};
/* End PBXProject section */

/* Begin PBXResourcesBuildPhase section */
		C96C7BEF24B3C50900DFA971 /* Resources */ = {
			isa = PBXResourcesBuildPhase;
			buildActionMask = 2147483647;
			files = (
				C952955824B552BD001BE1E9 /* Lato-Light.ttf in Resources */,
				C952955924B552C0001BE1E9 /* Lato-Regular.ttf in Resources */,
				C96C7C0124B3C50D00DFA971 /* LaunchScreen.storyboard in Resources */,
				C96C7C1424B3CEC800DFA971 /* Colors.xcassets in Resources */,
				C96C7BFE24B3C50D00DFA971 /* Assets.xcassets in Resources */,
				C952955724B552BA001BE1E9 /* Lato-Bold.ttf in Resources */,
			);
			runOnlyForDeploymentPostprocessing = 0;
		};
/* End PBXResourcesBuildPhase section */

/* Begin PBXSourcesBuildPhase section */
		C96C7BED24B3C50900DFA971 /* Sources */ = {
			isa = PBXSourcesBuildPhase;
			buildActionMask = 2147483647;
			files = (
				C96C7C2424B3E5A500DFA971 /* DoubleExtension.swift in Sources */,
				C96C7BF524B3C50900DFA971 /* AppDelegate.swift in Sources */,
				C96C7BF724B3C50900DFA971 /* SceneDelegate.swift in Sources */,
				C96C7C1C24B3D42A00DFA971 /* TipLabel.swift in Sources */,
				C96C7C2024B3D77F00DFA971 /* TipViewController.swift in Sources */,
				C96C7C1E24B3D56B00DFA971 /* TipTextField.swift in Sources */,
				C96C7C1224B3CD7C00DFA971 /* StyleGuide.swift in Sources */,
				C952955324B52555001BE1E9 /* UIViewExtensions.swift in Sources */,
				C96C7C1A24B3D25200DFA971 /* TipButton.swift in Sources */,
			);
			runOnlyForDeploymentPostprocessing = 0;
		};
/* End PBXSourcesBuildPhase section */

/* Begin PBXVariantGroup section */
		C96C7BFF24B3C50D00DFA971 /* LaunchScreen.storyboard */ = {
			isa = PBXVariantGroup;
			children = (
				C96C7C0024B3C50D00DFA971 /* Base */,
			);
			name = LaunchScreen.storyboard;
			sourceTree = "<group>";
		};
/* End PBXVariantGroup section */

/* Begin XCBuildConfiguration section */
		C96C7C0324B3C50D00DFA971 /* Debug */ = {
			isa = XCBuildConfiguration;
			buildSettings = {
				ALWAYS_SEARCH_USER_PATHS = NO;
				CLANG_ANALYZER_NONNULL = YES;
				CLANG_ANALYZER_NUMBER_OBJECT_CONVERSION = YES_AGGRESSIVE;
				CLANG_CXX_LANGUAGE_STANDARD = "gnu++14";
				CLANG_CXX_LIBRARY = "libc++";
				CLANG_ENABLE_MODULES = YES;
				CLANG_ENABLE_OBJC_ARC = YES;
				CLANG_ENABLE_OBJC_WEAK = YES;
				CLANG_WARN_BLOCK_CAPTURE_AUTORELEASING = YES;
				CLANG_WARN_BOOL_CONVERSION = YES;
				CLANG_WARN_COMMA = YES;
				CLANG_WARN_CONSTANT_CONVERSION = YES;
				CLANG_WARN_DEPRECATED_OBJC_IMPLEMENTATIONS = YES;
				CLANG_WARN_DIRECT_OBJC_ISA_USAGE = YES_ERROR;
				CLANG_WARN_DOCUMENTATION_COMMENTS = YES;
				CLANG_WARN_EMPTY_BODY = YES;
				CLANG_WARN_ENUM_CONVERSION = YES;
				CLANG_WARN_INFINITE_RECURSION = YES;
				CLANG_WARN_INT_CONVERSION = YES;
				CLANG_WARN_NON_LITERAL_NULL_CONVERSION = YES;
				CLANG_WARN_OBJC_IMPLICIT_RETAIN_SELF = YES;
				CLANG_WARN_OBJC_LITERAL_CONVERSION = YES;
				CLANG_WARN_OBJC_ROOT_CLASS = YES_ERROR;
				CLANG_WARN_RANGE_LOOP_ANALYSIS = YES;
				CLANG_WARN_STRICT_PROTOTYPES = YES;
				CLANG_WARN_SUSPICIOUS_MOVE = YES;
				CLANG_WARN_UNGUARDED_AVAILABILITY = YES_AGGRESSIVE;
				CLANG_WARN_UNREACHABLE_CODE = YES;
				CLANG_WARN__DUPLICATE_METHOD_MATCH = YES;
				COPY_PHASE_STRIP = NO;
				DEBUG_INFORMATION_FORMAT = dwarf;
				ENABLE_STRICT_OBJC_MSGSEND = YES;
				ENABLE_TESTABILITY = YES;
				GCC_C_LANGUAGE_STANDARD = gnu11;
				GCC_DYNAMIC_NO_PIC = NO;
				GCC_NO_COMMON_BLOCKS = YES;
				GCC_OPTIMIZATION_LEVEL = 0;
				GCC_PREPROCESSOR_DEFINITIONS = (
					"DEBUG=1",
					"$(inherited)",
				);
				GCC_WARN_64_TO_32_BIT_CONVERSION = YES;
				GCC_WARN_ABOUT_RETURN_TYPE = YES_ERROR;
				GCC_WARN_UNDECLARED_SELECTOR = YES;
				GCC_WARN_UNINITIALIZED_AUTOS = YES_AGGRESSIVE;
				GCC_WARN_UNUSED_FUNCTION = YES;
				GCC_WARN_UNUSED_VARIABLE = YES;
				IPHONEOS_DEPLOYMENT_TARGET = 13.5;
				MTL_ENABLE_DEBUG_INFO = INCLUDE_SOURCE;
				MTL_FAST_MATH = YES;
				ONLY_ACTIVE_ARCH = YES;
				SDKROOT = iphoneos;
				SWIFT_ACTIVE_COMPILATION_CONDITIONS = DEBUG;
				SWIFT_OPTIMIZATION_LEVEL = "-Onone";
			};
			name = Debug;
		};
		C96C7C0424B3C50D00DFA971 /* Release */ = {
			isa = XCBuildConfiguration;
			buildSettings = {
				ALWAYS_SEARCH_USER_PATHS = NO;
				CLANG_ANALYZER_NONNULL = YES;
				CLANG_ANALYZER_NUMBER_OBJECT_CONVERSION = YES_AGGRESSIVE;
				CLANG_CXX_LANGUAGE_STANDARD = "gnu++14";
				CLANG_CXX_LIBRARY = "libc++";
				CLANG_ENABLE_MODULES = YES;
				CLANG_ENABLE_OBJC_ARC = YES;
				CLANG_ENABLE_OBJC_WEAK = YES;
				CLANG_WARN_BLOCK_CAPTURE_AUTORELEASING = YES;
				CLANG_WARN_BOOL_CONVERSION = YES;
				CLANG_WARN_COMMA = YES;
				CLANG_WARN_CONSTANT_CONVERSION = YES;
				CLANG_WARN_DEPRECATED_OBJC_IMPLEMENTATIONS = YES;
				CLANG_WARN_DIRECT_OBJC_ISA_USAGE = YES_ERROR;
				CLANG_WARN_DOCUMENTATION_COMMENTS = YES;
				CLANG_WARN_EMPTY_BODY = YES;
				CLANG_WARN_ENUM_CONVERSION = YES;
				CLANG_WARN_INFINITE_RECURSION = YES;
				CLANG_WARN_INT_CONVERSION = YES;
				CLANG_WARN_NON_LITERAL_NULL_CONVERSION = YES;
				CLANG_WARN_OBJC_IMPLICIT_RETAIN_SELF = YES;
				CLANG_WARN_OBJC_LITERAL_CONVERSION = YES;
				CLANG_WARN_OBJC_ROOT_CLASS = YES_ERROR;
				CLANG_WARN_RANGE_LOOP_ANALYSIS = YES;
				CLANG_WARN_STRICT_PROTOTYPES = YES;
				CLANG_WARN_SUSPICIOUS_MOVE = YES;
				CLANG_WARN_UNGUARDED_AVAILABILITY = YES_AGGRESSIVE;
				CLANG_WARN_UNREACHABLE_CODE = YES;
				CLANG_WARN__DUPLICATE_METHOD_MATCH = YES;
				COPY_PHASE_STRIP = NO;
				DEBUG_INFORMATION_FORMAT = "dwarf-with-dsym";
				ENABLE_NS_ASSERTIONS = NO;
				ENABLE_STRICT_OBJC_MSGSEND = YES;
				GCC_C_LANGUAGE_STANDARD = gnu11;
				GCC_NO_COMMON_BLOCKS = YES;
				GCC_WARN_64_TO_32_BIT_CONVERSION = YES;
				GCC_WARN_ABOUT_RETURN_TYPE = YES_ERROR;
				GCC_WARN_UNDECLARED_SELECTOR = YES;
				GCC_WARN_UNINITIALIZED_AUTOS = YES_AGGRESSIVE;
				GCC_WARN_UNUSED_FUNCTION = YES;
				GCC_WARN_UNUSED_VARIABLE = YES;
				IPHONEOS_DEPLOYMENT_TARGET = 13.5;
				MTL_ENABLE_DEBUG_INFO = NO;
				MTL_FAST_MATH = YES;
				SDKROOT = iphoneos;
				SWIFT_COMPILATION_MODE = wholemodule;
				SWIFT_OPTIMIZATION_LEVEL = "-O";
				VALIDATE_PRODUCT = YES;
			};
			name = Release;
		};
		C96C7C0624B3C50D00DFA971 /* Debug */ = {
			isa = XCBuildConfiguration;
			buildSettings = {
				ASSETCATALOG_COMPILER_APPICON_NAME = AppIcon;
				CODE_SIGN_STYLE = Automatic;
				DEVELOPMENT_TEAM = KAP7J6U3Y3;
				INFOPLIST_FILE = "$(SRCROOT)/calculator/Resources /Info.plist";
				LD_RUNPATH_SEARCH_PATHS = (
					"$(inherited)",
					"@executable_path/Frameworks",
				);
				PRODUCT_BUNDLE_IDENTIFIER = com.KNS.calculator;
				PRODUCT_NAME = "$(TARGET_NAME)";
				SWIFT_VERSION = 5.0;
				TARGETED_DEVICE_FAMILY = "1,2";
			};
			name = Debug;
		};
		C96C7C0724B3C50D00DFA971 /* Release */ = {
			isa = XCBuildConfiguration;
			buildSettings = {
				ASSETCATALOG_COMPILER_APPICON_NAME = AppIcon;
				CODE_SIGN_STYLE = Automatic;
				DEVELOPMENT_TEAM = KAP7J6U3Y3;
				INFOPLIST_FILE = "$(SRCROOT)/calculator/Resources /Info.plist";
				LD_RUNPATH_SEARCH_PATHS = (
					"$(inherited)",
					"@executable_path/Frameworks",
				);
				PRODUCT_BUNDLE_IDENTIFIER = com.KNS.calculator;
				PRODUCT_NAME = "$(TARGET_NAME)";
				SWIFT_VERSION = 5.0;
				TARGETED_DEVICE_FAMILY = "1,2";
			};
			name = Release;
		};
/* End XCBuildConfiguration section */

/* Begin XCConfigurationList section */
		C96C7BEC24B3C50900DFA971 /* Build configuration list for PBXProject "calculator" */ = {
			isa = XCConfigurationList;
			buildConfigurations = (
				C96C7C0324B3C50D00DFA971 /* Debug */,
				C96C7C0424B3C50D00DFA971 /* Release */,
			);
			defaultConfigurationIsVisible = 0;
			defaultConfigurationName = Release;
		};
		C96C7C0524B3C50D00DFA971 /* Build configuration list for PBXNativeTarget "calculator" */ = {
			isa = XCConfigurationList;
			buildConfigurations = (
				C96C7C0624B3C50D00DFA971 /* Debug */,
				C96C7C0724B3C50D00DFA971 /* Release */,
			);
			defaultConfigurationIsVisible = 0;
			defaultConfigurationName = Release;
		};
/* End XCConfigurationList section */
	};
	rootObject = C96C7BE924B3C50900DFA971 /* Project object */;
}
